
Microsoft Visual Studio Solution File, Format Version 12.00
# Visual Studio Version 17
VisualStudioVersion = 17.0.31903.59
MinimumVisualStudioVersion = 10.0.40219.1
Project("{FAE04EC0-301F-11D3-BF4B-00C04F79EFBC}") = "kubernetes", "kubernetes\kubernetes.csproj", "{AABB4CB0-B4BD-4423-B057-D78200599A35}"
EndProject
Project("{FAE04EC0-301F-11D3-BF4B-00C04F79EFBC}") = "unittests", "unittests\unittests.csproj", "{02D750A2-7FA2-4464-A287-082A2394F842}"
EndProject
Global
	GlobalSection(SolutionConfigurationPlatforms) = preSolution
		Debug|Any CPU = Debug|Any CPU
		Release|Any CPU = Release|Any CPU
	EndGlobalSection
	GlobalSection(SolutionProperties) = preSolution
		HideSolutionNode = FALSE
	EndGlobalSection
	GlobalSection(ProjectConfigurationPlatforms) = postSolution
		{AABB4CB0-B4BD-4423-B057-D78200599A35}.Debug|Any CPU.ActiveCfg = Debug|Any CPU
		{AABB4CB0-B4BD-4423-B057-D78200599A35}.Debug|Any CPU.Build.0 = Debug|Any CPU
		{AABB4CB0-B4BD-4423-B057-D78200599A35}.Release|Any CPU.ActiveCfg = Release|Any CPU
		{AABB4CB0-B4BD-4423-B057-D78200599A35}.Release|Any CPU.Build.0 = Release|Any CPU
		{02D750A2-7FA2-4464-A287-082A2394F842}.Debug|Any CPU.ActiveCfg = Debug|Any CPU
		{02D750A2-7FA2-4464-A287-082A2394F842}.Debug|Any CPU.Build.0 = Debug|Any CPU
		{02D750A2-7FA2-4464-A287-082A2394F842}.Release|Any CPU.ActiveCfg = Release|Any CPU
		{02D750A2-7FA2-4464-A287-082A2394F842}.Release|Any CPU.Build.0 = Release|Any CPU
	EndGlobalSection
EndGlobal
